
Microsoft Visual Studio Solution File, Format Version 12.00
# Visual Studio Version 17
VisualStudioVersion = 17.1.32210.238
MinimumVisualStudioVersion = 10.0.40219.1
Project("{FAE04EC0-301F-11D3-BF4B-00C04F79EFBC}") = "GetSumNumbers", "GetSumNumbers\GetSumNumbers.csproj", "{9C5C703C-99FF-4533-8678-3186F1B0A44D}"
EndProject
Global
	GlobalSection(SolutionConfigurationPlatforms) = preSolution
		Debug|Any CPU = Debug|Any CPU
		Release|Any CPU = Release|Any CPU
	EndGlobalSection
	GlobalSection(ProjectConfigurationPlatforms) = postSolution
		{9C5C703C-99FF-4533-8678-3186F1B0A44D}.Debug|Any CPU.ActiveCfg = Debug|Any CPU
		{9C5C703C-99FF-4533-8678-3186F1B0A44D}.Debug|Any CPU.Build.0 = Debug|Any CPU
		{9C5C703C-99FF-4533-8678-3186F1B0A44D}.Release|Any CPU.ActiveCfg = Release|Any CPU
		{9C5C703C-99FF-4533-8678-3186F1B0A44D}.Release|Any CPU.Build.0 = Release|Any CPU
	EndGlobalSection
	GlobalSection(SolutionProperties) = preSolution
		HideSolutionNode = FALSE
	EndGlobalSection
	GlobalSection(ExtensibilityGlobals) = postSolution
		SolutionGuid = {DE9ED171-9513-487F-AB60-35E6B6E2CA92}
	EndGlobalSection
EndGlobal
